GEM
  remote: https://rubygems.org/
  specs:
    bootsnap (1.23.0)
      msgpack (~> 1.2)
    daemons (1.4.1)
    eventmachine (1.2.7)
    logger (1.7.0)
    msgpack (1.8.0)
    prometheus_exporter (2.1.0)
      webrick
    rack (3.2.6)
    rackup (2.3.1)
      rack (>= 3)
    thin (2.0.1)
      daemons (~> 1.0, >= 1.0.9)
      eventmachine (~> 1.0, >= 1.0.4)
      logger
      rack (>= 1, < 4)
    webrick (1.8.2)

PLATFORMS
  arm64-darwin-20
  arm64-darwin-22
  arm64-darwin-23
  arm64-linux
  ruby
  x86_64-darwin-20
  x86_64-darwin-22
  x86_64-linux

DEPENDENCIES
  bootsnap
  prometheus_exporter
  rack (~> 3.0)
  rackup
  thin

RUBY VERSION
   ruby 4.0.5p0

BUNDLED WITH
   2.3.22
